// !$*UTF8*$!
{
	archiveVersion = 1;
	classes = {
	};
	objectVersion = 46;
	objects = {

/* Begin PBXBuildFile section */
		053C2EF81B8B74B9003C9DB8 /* TCAHPAsyncSocketTransport.m in Sources */ = {isa = PBXBuildFile; fileRef = 053C2EF51B8B744F003C9DB8 /* TCAHPAsyncSocketTransport.m */; };
		053C2EF91B8B74BC003C9DB8 /* TCAHPTransport.m in Sources */ = {isa = PBXBuildFile; fileRef = 053C2EF71B8B744F003C9DB8 /* TCAHPTransport.m */; };
		053C2EFA1B8B74BE003C9DB8 /* AsyncSocket.m in Sources */ = {isa = PBXBuildFile; fileRef = 053C2EF31B8B744F003C9DB8 /* AsyncSocket.m */; };
		053C2EFB1B8B74C2003C9DB8 /* TCAsyncHashProtocol.m in Sources */ = {isa = PBXBuildFile; fileRef = 053C2EEF1B8B744F003C9DB8 /* TCAsyncHashProtocol.m */; };
		053C2EFC1B8B74C4003C9DB8 /* TCAHPSimpleServer.m in Sources */ = {isa = PBXBuildFile; fileRef = 053C2EED1B8B744F003C9DB8 /* TCAHPSimpleServer.m */; };
		053C2EFD1B8B74C7003C9DB8 /* TCAHPSimpleClient.m in Sources */ = {isa = PBXBuildFile; fileRef = 053C2EEB1B8B744F003C9DB8 /* TCAHPSimpleClient.m */; };
		05BA81AF14AB66F7003E10FB /* Foundation.framework in Frameworks */ = {isa = PBXBuildFile; fileRef = 05BA81AE14AB66F7003E10FB /* Foundation.framework */; };
		05BA81B214AB66F7003E10FB /* main.m in Sources */ = {isa = PBXBuildFile; fileRef = 05BA81B114AB66F7003E10FB /* main.m */; };
		05BA81B614AB66F7003E10FB /* TCAHPDemo.1 in CopyFiles */ = {isa = PBXBuildFile; fileRef = 05BA81B514AB66F7003E10FB /* TCAHPDemo.1 */; };
		05BA81C614AB67AB003E10FB /* CoreServices.framework in Frameworks */ = {isa = PBXBuildFile; fileRef = 05BA81C514AB67AB003E10FB /* CoreServices.framework */; };
		05BA81DA14ABBB39003E10FB /* DemoServer.m in Sources */ = {isa = PBXBuildFile; fileRef = 05BA81D914ABBB39003E10FB /* DemoServer.m */; };
		05BA81DE14ABBB42003E10FB /* DemoClient.m in Sources */ = {isa = PBXBuildFile; fileRef = 05BA81DD14ABBB42003E10FB /* DemoClient.m */; };
/* End PBXBuildFile section */

/* Begin PBXCopyFilesBuildPhase section */
		05BA81A814AB66F7003E10FB /* CopyFiles */ = {
			isa = PBXCopyFilesBuildPhase;
			buildActionMask = 2147483647;
			dstPath = /usr/share/man/man1/;
			dstSubfolderSpec = 0;
			files = (
				05BA81B614AB66F7003E10FB /* TCAHPDemo.1 in CopyFiles */,
			);
			runOnlyForDeploymentPostprocessing = 1;
		};
/* End PBXCopyFilesBuildPhase section */

/* Begin PBXFileReference section */
		053C2EEA1B8B744F003C9DB8 /* TCAHPSimpleClient.h */ = {isa = PBXFileReference; lastKnownFileType = sourcecode.c.h; path = TCAHPSimpleClient.h; sourceTree = "<group>"; };
		053C2EEB1B8B744F003C9DB8 /* TCAHPSimpleClient.m */ = {isa = PBXFileReference; lastKnownFileType = sourcecode.c.objc; path = TCAHPSimpleClient.m; sourceTree = "<group>"; };
		053C2EEC1B8B744F003C9DB8 /* TCAHPSimpleServer.h */ = {isa = PBXFileReference; lastKnownFileType = sourcecode.c.h; path = TCAHPSimpleServer.h; sourceTree = "<group>"; };
		053C2EED1B8B744F003C9DB8 /* TCAHPSimpleServer.m */ = {isa = PBXFileReference; lastKnownFileType = sourcecode.c.objc; path = TCAHPSimpleServer.m; sourceTree = "<group>"; };
		053C2EEE1B8B744F003C9DB8 /* TCAsyncHashProtocol.h */ = {isa = PBXFileReference; lastKnownFileType = sourcecode.c.h; path = TCAsyncHashProtocol.h; sourceTree = "<group>"; };
		053C2EEF1B8B744F003C9DB8 /* TCAsyncHashProtocol.m */ = {isa = PBXFileReference; lastKnownFileType = sourcecode.c.objc; path = TCAsyncHashProtocol.m; sourceTree = "<group>"; };
		053C2EF21B8B744F003C9DB8 /* AsyncSocket.h */ = {isa = PBXFileReference; lastKnownFileType = sourcecode.c.h; path = AsyncSocket.h; sourceTree = "<group>"; };
		053C2EF31B8B744F003C9DB8 /* AsyncSocket.m */ = {isa = PBXFileReference; lastKnownFileType = sourcecode.c.objc; path = AsyncSocket.m; sourceTree = "<group>"; };
		053C2EF41B8B744F003C9DB8 /* TCAHPAsyncSocketTransport.h */ = {isa = PBXFileReference; lastKnownFileType = sourcecode.c.h; path = TCAHPAsyncSocketTransport.h; sourceTree = "<group>"; };
		053C2EF51B8B744F003C9DB8 /* TCAHPAsyncSocketTransport.m */ = {isa = PBXFileReference; lastKnownFileType = sourcecode.c.objc; path = TCAHPAsyncSocketTransport.m; sourceTree = "<group>"; };
		053C2EF61B8B744F003C9DB8 /* TCAHPTransport.h */ = {isa = PBXFileReference; lastKnownFileType = sourcecode.c.h; path = TCAHPTransport.h; sourceTree = "<group>"; };
		053C2EF71B8B744F003C9DB8 /* TCAHPTransport.m */ = {isa = PBXFileReference; lastKnownFileType = sourcecode.c.objc; path = TCAHPTransport.m; sourceTree = "<group>"; };
		05AE47F917F4AA1D00A40A21 /* Security.framework */ = {isa = PBXFileReference; lastKnownFileType = wrapper.framework; name = Security.framework; path = System/Library/Frameworks/Security.framework; sourceTree = SDKROOT; };
		05BA81AA14AB66F7003E10FB /* TCAHPDemo */ = {isa = PBXFileReference; explicitFileType = "compiled.mach-o.executable"; includeInIndex = 0; path = TCAHPDemo; sourceTree = BUILT_PRODUCTS_DIR; };
		05BA81AE14AB66F7003E10FB /* Foundation.framework */ = {isa = PBXFileReference; lastKnownFileType = wrapper.framework; name = Foundation.framework; path = System/Library/Frameworks/Foundation.framework; sourceTree = SDKROOT; };
		05BA81B114AB66F7003E10FB /* main.m */ = {isa = PBXFileReference; lastKnownFileType = sourcecode.c.objc; path = main.m; sourceTree = "<group>"; };
		05BA81B414AB66F7003E10FB /* TCAHPDemo-Prefix.pch */ = {isa = PBXFileReference; lastKnownFileType = sourcecode.c.h; path = "TCAHPDemo-Prefix.pch"; sourceTree = "<group>"; };
		05BA81B514AB66F7003E10FB /* TCAHPDemo.1 */ = {isa = PBXFileReference; lastKnownFileType = text.man; path = TCAHPDemo.1; sourceTree = "<group>"; };
		05BA81C514AB67AB003E10FB /* CoreServices.framework */ = {isa = PBXFileReference; lastKnownFileType = wrapper.framework; name = CoreServices.framework; path = System/Library/Frameworks/CoreServices.framework; sourceTree = SDKROOT; };
		05BA81D814ABBB39003E10FB /* DemoServer.h */ = {isa = PBXFileReference; fileEncoding = 4; lastKnownFileType = sourcecode.c.h; path = DemoServer.h; sourceTree = "<group>"; };
		05BA81D914ABBB39003E10FB /* DemoServer.m */ = {isa = PBXFileReference; fileEncoding = 4; lastKnownFileType = sourcecode.c.objc; path = DemoServer.m; sourceTree = "<group>"; };
		05BA81DC14ABBB42003E10FB /* DemoClient.h */ = {isa = PBXFileReference; fileEncoding = 4; lastKnownFileType = sourcecode.c.h; path = DemoClient.h; sourceTree = "<group>"; };
		05BA81DD14ABBB42003E10FB /* DemoClient.m */ = {isa = PBXFileReference; fileEncoding = 4; lastKnownFileType = sourcecode.c.objc; path = DemoClient.m; sourceTree = "<group>"; };
		05BA81DF14ABBC57003E10FB /* README.md */ = {isa = PBXFileReference; lastKnownFileType = text; name = README.md; path = ../README.md; sourceTree = "<group>"; };
/* End PBXFileReference section */

/* Begin PBXFrameworksBuildPhase section */
		05BA81A714AB66F7003E10FB /* Frameworks */ = {
			isa = PBXFrameworksBuildPhase;
			buildActionMask = 2147483647;
			files = (
				05BA81C614AB67AB003E10FB /* CoreServices.framework in Frameworks */,
				05BA81AF14AB66F7003E10FB /* Foundation.framework in Frameworks */,
			);
			runOnlyForDeploymentPostprocessing = 0;
		};
/* End PBXFrameworksBuildPhase section */

/* Begin PBXGroup section */
		053C2EE81B8B744F003C9DB8 /* TCAsyncHashProto */ = {
			isa = PBXGroup;
			children = (
				053C2EE91B8B744F003C9DB8 /* Helpers */,
				053C2EEE1B8B744F003C9DB8 /* TCAsyncHashProtocol.h */,
				053C2EEF1B8B744F003C9DB8 /* TCAsyncHashProtocol.m */,
				053C2EF01B8B744F003C9DB8 /* Transports */,
			);
			name = TCAsyncHashProto;
			path = ../TCAsyncHashProto;
			sourceTree = "<group>";
		};
		053C2EE91B8B744F003C9DB8 /* Helpers */ = {
			isa = PBXGroup;
			children = (
				053C2EEA1B8B744F003C9DB8 /* TCAHPSimpleClient.h */,
				053C2EEB1B8B744F003C9DB8 /* TCAHPSimpleClient.m */,
				053C2EEC1B8B744F003C9DB8 /* TCAHPSimpleServer.h */,
				053C2EED1B8B744F003C9DB8 /* TCAHPSimpleServer.m */,
			);
			path = Helpers;
			sourceTree = "<group>";
		};
		053C2EF01B8B744F003C9DB8 /* Transports */ = {
			isa = PBXGroup;
			children = (
				053C2EF11B8B744F003C9DB8 /* AsyncSocket */,
				053C2EF61B8B744F003C9DB8 /* TCAHPTransport.h */,
				053C2EF71B8B744F003C9DB8 /* TCAHPTransport.m */,
			);
			path = Transports;
			sourceTree = "<group>";
		};
		053C2EF11B8B744F003C9DB8 /* AsyncSocket */ = {
			isa = PBXGroup;
			children = (
				053C2EF21B8B744F003C9DB8 /* AsyncSocket.h */,
				053C2EF31B8B744F003C9DB8 /* AsyncSocket.m */,
				053C2EF41B8B744F003C9DB8 /* TCAHPAsyncSocketTransport.h */,
				053C2EF51B8B744F003C9DB8 /* TCAHPAsyncSocketTransport.m */,
			);
			path = AsyncSocket;
			sourceTree = "<group>";
		};
		05BA819F14AB66F7003E10FB = {
			isa = PBXGroup;
			children = (
				05BA81DF14ABBC57003E10FB /* README.md */,
				05BA81B014AB66F7003E10FB /* Demo */,
				053C2EE81B8B744F003C9DB8 /* TCAsyncHashProto */,
				05BA81AD14AB66F7003E10FB /* Frameworks */,
				05BA81AB14AB66F7003E10FB /* Products */,
			);
			sourceTree = "<group>";
		};
		05BA81AB14AB66F7003E10FB /* Products */ = {
			isa = PBXGroup;
			children = (
				05BA81AA14AB66F7003E10FB /* TCAHPDemo */,
			);
			name = Products;
			sourceTree = "<group>";
		};
		05BA81AD14AB66F7003E10FB /* Frameworks */ = {
			isa = PBXGroup;
			children = (
				05AE47F917F4AA1D00A40A21 /* Security.framework */,
				05BA81C514AB67AB003E10FB /* CoreServices.framework */,
				05BA81AE14AB66F7003E10FB /* Foundation.framework */,
			);
			name = Frameworks;
			sourceTree = "<group>";
		};
		05BA81B014AB66F7003E10FB /* Demo */ = {
			isa = PBXGroup;
			children = (
				05BA81D814ABBB39003E10FB /* DemoServer.h */,
				05BA81D914ABBB39003E10FB /* DemoServer.m */,
				05BA81DC14ABBB42003E10FB /* DemoClient.h */,
				05BA81DD14ABBB42003E10FB /* DemoClient.m */,
				05BA81B114AB66F7003E10FB /* main.m */,
				05BA81B514AB66F7003E10FB /* TCAHPDemo.1 */,
				05BA81B314AB66F7003E10FB /* Supporting Files */,
			);
			name = Demo;
			path = TCAHPDemo;
			sourceTree = "<group>";
		};
		05BA81B314AB66F7003E10FB /* Supporting Files */ = {
			isa = PBXGroup;
			children = (
				05BA81B414AB66F7003E10FB /* TCAHPDemo-Prefix.pch */,
			);
			name = "Supporting Files";
			sourceTree = "<group>";
		};
/* End PBXGroup section */

/* Begin PBXNativeTarget section */
		05BA81A914AB66F7003E10FB /* TCAHPDemo */ = {
			isa = PBXNativeTarget;
			buildConfigurationList = 05BA81B914AB66F7003E10FB /* Build configuration list for PBXNativeTarget "TCAHPDemo" */;
			buildPhases = (
				05BA81A614AB66F7003E10FB /* Sources */,
				05BA81A714AB66F7003E10FB /* Frameworks */,
				05BA81A814AB66F7003E10FB /* CopyFiles */,
			);
			buildRules = (
			);
			dependencies = (
			);
			name = TCAHPDemo;
			productName = TCAHPDemo;
			productReference = 05BA81AA14AB66F7003E10FB /* TCAHPDemo */;
			productType = "com.apple.product-type.tool";
		};
/* End PBXNativeTarget section */

/* Begin PBXProject section */
		05BA81A114AB66F7003E10FB /* Project object */ = {
			isa = PBXProject;
			attributes = {
				LastUpgradeCheck = 0500;
			};
			buildConfigurationList = 05BA81A414AB66F7003E10FB /* Build configuration list for PBXProject "TCAHPDemo" */;
			compatibilityVersion = "Xcode 3.2";
			developmentRegion = English;
			hasScannedForEncodings = 0;
			knownRegions = (
				en,
			);
			mainGroup = 05BA819F14AB66F7003E10FB;
			productRefGroup = 05BA81AB14AB66F7003E10FB /* Products */;
			projectDirPath = "";
			projectRoot = "";
			targets = (
				05BA81A914AB66F7003E10FB /* TCAHPDemo */,
			);
		};
/* End PBXProject section */

/* Begin PBXSourcesBuildPhase section */
		05BA81A614AB66F7003E10FB /* Sources */ = {
			isa = PBXSourcesBuildPhase;
			buildActionMask = 2147483647;
			files = (
				05BA81B214AB66F7003E10FB /* main.m in Sources */,
				053C2EFD1B8B74C7003C9DB8 /* TCAHPSimpleClient.m in Sources */,
				05BA81DA14ABBB39003E10FB /* DemoServer.m in Sources */,
				053C2EF81B8B74B9003C9DB8 /* TCAHPAsyncSocketTransport.m in Sources */,
				053C2EFA1B8B74BE003C9DB8 /* AsyncSocket.m in Sources */,
				053C2EF91B8B74BC003C9DB8 /* TCAHPTransport.m in Sources */,
				05BA81DE14ABBB42003E10FB /* DemoClient.m in Sources */,
				053C2EFB1B8B74C2003C9DB8 /* TCAsyncHashProtocol.m in Sources */,
				053C2EFC1B8B74C4003C9DB8 /* TCAHPSimpleServer.m in Sources */,
			);
			runOnlyForDeploymentPostprocessing = 0;
		};
/* End PBXSourcesBuildPhase section */

/* Begin XCBuildConfiguration section */
		05BA81B714AB66F7003E10FB /* Debug */ = {
			isa = XCBuildConfiguration;
			buildSettings = {
				ALWAYS_SEARCH_USER_PATHS = NO;
				CLANG_ENABLE_OBJC_ARC = YES;
				CLANG_WARN_BOOL_CONVERSION = YES;
				CLANG_WARN_CONSTANT_CONVERSION = YES;
				CLANG_WARN_EMPTY_BODY = YES;
				CLANG_WARN_ENUM_CONVERSION = YES;
				CLANG_WARN_INT_CONVERSION = YES;
				CLANG_WARN__DUPLICATE_METHOD_MATCH = YES;
				COPY_PHASE_STRIP = NO;
				GCC_C_LANGUAGE_STANDARD = gnu99;
				GCC_DYNAMIC_NO_PIC = NO;
				GCC_ENABLE_OBJC_EXCEPTIONS = YES;
				GCC_OPTIMIZATION_LEVEL = 0;
				GCC_PREPROCESSOR_DEFINITIONS = (
					"DEBUG=1",
					"$(inherited)",
				);
				GCC_SYMBOLS_PRIVATE_EXTERN = NO;
				GCC_VERSION = com.apple.compilers.llvm.clang.1_0;
				GCC_WARN_64_TO_32_BIT_CONVERSION = YES;
				GCC_WARN_ABOUT_MISSING_PROTOTYPES = YES;
				GCC_WARN_ABOUT_RETURN_TYPE = YES;
				GCC_WARN_UNDECLARED_SELECTOR = YES;
				GCC_WARN_UNINITIALIZED_AUTOS = YES;
				GCC_WARN_UNUSED_FUNCTION = YES;
				GCC_WARN_UNUSED_VARIABLE = YES;
				MACOSX_DEPLOYMENT_TARGET = 10.7;
				ONLY_ACTIVE_ARCH = YES;
				SDKROOT = macosx;
			};
			name = Debug;
		};
		05BA81B814AB66F7003E10FB /* Release */ = {
			isa = XCBuildConfiguration;
			buildSettings = {
				ALWAYS_SEARCH_USER_PATHS = NO;
				CLANG_ENABLE_OBJC_ARC = YES;
				CLANG_WARN_BOOL_CONVERSION = YES;
				CLANG_WARN_CONSTANT_CONVERSION = YES;
				CLANG_WARN_EMPTY_BODY = YES;
				CLANG_WARN_ENUM_CONVERSION = YES;
				CLANG_WARN_INT_CONVERSION = YES;
				CLANG_WARN__DUPLICATE_METHOD_MATCH = YES;
				COPY_PHASE_STRIP = YES;
				DEBUG_INFORMATION_FORMAT = "dwarf-with-dsym";
				GCC_C_LANGUAGE_STANDARD = gnu99;
				GCC_ENABLE_OBJC_EXCEPTIONS = YES;
				GCC_VERSION = com.apple.compilers.llvm.clang.1_0;
				GCC_WARN_64_TO_32_BIT_CONVERSION = YES;
				GCC_WARN_ABOUT_MISSING_PROTOTYPES = YES;
				GCC_WARN_ABOUT_RETURN_TYPE = YES;
				GCC_WARN_UNDECLARED_SELECTOR = YES;
				GCC_WARN_UNINITIALIZED_AUTOS = YES;
				GCC_WARN_UNUSED_FUNCTION = YES;
				GCC_WARN_UNUSED_VARIABLE = YES;
				MACOSX_DEPLOYMENT_TARGET = 10.7;
				SDKROOT = macosx;
			};
			name = Release;
		};
		05BA81BA14AB66F7003E10FB /* Debug */ = {
			isa = XCBuildConfiguration;
			buildSettings = {
				GCC_PRECOMPILE_PREFIX_HEADER = YES;
				GCC_PREFIX_HEADER = "TCAHPDemo/TCAHPDemo-Prefix.pch";
				PRODUCT_NAME = "$(TARGET_NAME)";
			};
			name = Debug;
		};
		05BA81BB14AB66F7003E10FB /* Release */ = {
			isa = XCBuildConfiguration;
			buildSettings = {
				GCC_PRECOMPILE_PREFIX_HEADER = YES;
				GCC_PREFIX_HEADER = "TCAHPDemo/TCAHPDemo-Prefix.pch";
				PRODUCT_NAME = "$(TARGET_NAME)";
			};
			name = Release;
		};
/* End XCBuildConfiguration section */

/* Begin XCConfigurationList section */
		05BA81A414AB66F7003E10FB /* Build configuration list for PBXProject "TCAHPDemo" */ = {
			isa = XCConfigurationList;
			buildConfigurations = (
				05BA81B714AB66F7003E10FB /* Debug */,
				05BA81B814AB66F7003E10FB /* Release */,
			);
			defaultConfigurationIsVisible = 0;
			defaultConfigurationName = Release;
		};
		05BA81B914AB66F7003E10FB /* Build configuration list for PBXNativeTarget "TCAHPDemo" */ = {
			isa = XCConfigurationList;
			buildConfigurations = (
				05BA81BA14AB66F7003E10FB /* Debug */,
				05BA81BB14AB66F7003E10FB /* Release */,
			);
			defaultConfigurationIsVisible = 0;
			defaultConfigurationName = Release;
		};
/* End XCConfigurationList section */
	};
	rootObject = 05BA81A114AB66F7003E10FB /* Project object */;
}
