// !$*UTF8*$!
{
	archiveVersion = 1;
	classes = {
	};
	objectVersion = 46;
	objects = {

/* Begin PBXBuildFile section */
		0547A9871B8C814300E1F32E /* CerfingAsyncSocketTransport.m in Sources */ = {isa = PBXBuildFile; fileRef = 053C2F0B1B8BDEBA003C9DB8 /* CerfingAsyncSocketTransport.m */; };
		0547A9881B8C814500E1F32E /* CerfingTransport.m in Sources */ = {isa = PBXBuildFile; fileRef = 053C2F0D1B8BDEBA003C9DB8 /* CerfingTransport.m */; };
		0547A9891B8C814A00E1F32E /* AsyncSocket.m in Sources */ = {isa = PBXBuildFile; fileRef = 053C2F091B8BDEBA003C9DB8 /* AsyncSocket.m */; };
		0547A98A1B8C814D00E1F32E /* CerfingConnection.m in Sources */ = {isa = PBXBuildFile; fileRef = 053C2F051B8BDEBA003C9DB8 /* CerfingConnection.m */; };
		0547A98B1B8C814F00E1F32E /* CerfingSimpleClient.m in Sources */ = {isa = PBXBuildFile; fileRef = 053C2F011B8BDEBA003C9DB8 /* CerfingSimpleClient.m */; };
		0547A98C1B8C814F00E1F32E /* CerfingSimpleServer.m in Sources */ = {isa = PBXBuildFile; fileRef = 053C2F031B8BDEBA003C9DB8 /* CerfingSimpleServer.m */; };
		05BA81AF14AB66F7003E10FB /* Foundation.framework in Frameworks */ = {isa = PBXBuildFile; fileRef = 05BA81AE14AB66F7003E10FB /* Foundation.framework */; };
		05BA81B214AB66F7003E10FB /* main.m in Sources */ = {isa = PBXBuildFile; fileRef = 05BA81B114AB66F7003E10FB /* main.m */; };
		05BA81C614AB67AB003E10FB /* CoreServices.framework in Frameworks */ = {isa = PBXBuildFile; fileRef = 05BA81C514AB67AB003E10FB /* CoreServices.framework */; };
		05BA81DA14ABBB39003E10FB /* DemoServer.m in Sources */ = {isa = PBXBuildFile; fileRef = 05BA81D914ABBB39003E10FB /* DemoServer.m */; };
		05BA81DE14ABBB42003E10FB /* DemoClient.m in Sources */ = {isa = PBXBuildFile; fileRef = 05BA81DD14ABBB42003E10FB /* DemoClient.m */; };
/* End PBXBuildFile section */

/* Begin PBXCopyFilesBuildPhase section */
		05BA81A814AB66F7003E10FB /* CopyFiles */ = {
			isa = PBXCopyFilesBuildPhase;
			buildActionMask = 2147483647;
			dstPath = /usr/share/man/man1/;
			dstSubfolderSpec = 0;
			files = (
			);
			runOnlyForDeploymentPostprocessing = 1;
		};
/* End PBXCopyFilesBuildPhase section */

/* Begin PBXFileReference section */
		053C2F001B8BDEBA003C9DB8 /* CerfingSimpleClient.h */ = {isa = PBXFileReference; lastKnownFileType = sourcecode.c.h; path = CerfingSimpleClient.h; sourceTree = "<group>"; };
		053C2F011B8BDEBA003C9DB8 /* CerfingSimpleClient.m */ = {isa = PBXFileReference; lastKnownFileType = sourcecode.c.objc; path = CerfingSimpleClient.m; sourceTree = "<group>"; };
		053C2F021B8BDEBA003C9DB8 /* CerfingSimpleServer.h */ = {isa = PBXFileReference; lastKnownFileType = sourcecode.c.h; path = CerfingSimpleServer.h; sourceTree = "<group>"; };
		053C2F031B8BDEBA003C9DB8 /* CerfingSimpleServer.m */ = {isa = PBXFileReference; lastKnownFileType = sourcecode.c.objc; path = CerfingSimpleServer.m; sourceTree = "<group>"; };
		053C2F041B8BDEBA003C9DB8 /* CerfingConnection.h */ = {isa = PBXFileReference; lastKnownFileType = sourcecode.c.h; path = CerfingConnection.h; sourceTree = "<group>"; };
		053C2F051B8BDEBA003C9DB8 /* CerfingConnection.m */ = {isa = PBXFileReference; lastKnownFileType = sourcecode.c.objc; path = CerfingConnection.m; sourceTree = "<group>"; };
		053C2F081B8BDEBA003C9DB8 /* AsyncSocket.h */ = {isa = PBXFileReference; lastKnownFileType = sourcecode.c.h; path = AsyncSocket.h; sourceTree = "<group>"; };
		053C2F091B8BDEBA003C9DB8 /* AsyncSocket.m */ = {isa = PBXFileReference; lastKnownFileType = sourcecode.c.objc; path = AsyncSocket.m; sourceTree = "<group>"; };
		053C2F0A1B8BDEBA003C9DB8 /* CerfingAsyncSocketTransport.h */ = {isa = PBXFileReference; lastKnownFileType = sourcecode.c.h; path = CerfingAsyncSocketTransport.h; sourceTree = "<group>"; };
		053C2F0B1B8BDEBA003C9DB8 /* CerfingAsyncSocketTransport.m */ = {isa = PBXFileReference; lastKnownFileType = sourcecode.c.objc; path = CerfingAsyncSocketTransport.m; sourceTree = "<group>"; };
		053C2F0C1B8BDEBA003C9DB8 /* CerfingTransport.h */ = {isa = PBXFileReference; lastKnownFileType = sourcecode.c.h; path = CerfingTransport.h; sourceTree = "<group>"; };
		053C2F0D1B8BDEBA003C9DB8 /* CerfingTransport.m */ = {isa = PBXFileReference; lastKnownFileType = sourcecode.c.objc; path = CerfingTransport.m; sourceTree = "<group>"; };
		05AE47F917F4AA1D00A40A21 /* Security.framework */ = {isa = PBXFileReference; lastKnownFileType = wrapper.framework; name = Security.framework; path = System/Library/Frameworks/Security.framework; sourceTree = SDKROOT; };
		05BA81AA14AB66F7003E10FB /* CerfingDemo */ = {isa = PBXFileReference; explicitFileType = "compiled.mach-o.executable"; includeInIndex = 0; path = CerfingDemo; sourceTree = BUILT_PRODUCTS_DIR; };
		05BA81AE14AB66F7003E10FB /* Foundation.framework */ = {isa = PBXFileReference; lastKnownFileType = wrapper.framework; name = Foundation.framework; path = System/Library/Frameworks/Foundation.framework; sourceTree = SDKROOT; };
		05BA81B114AB66F7003E10FB /* main.m */ = {isa = PBXFileReference; lastKnownFileType = sourcecode.c.objc; path = main.m; sourceTree = "<group>"; };
		05BA81B414AB66F7003E10FB /* CerfingDemo-Prefix.pch */ = {isa = PBXFileReference; lastKnownFileType = sourcecode.c.h; path = "CerfingDemo-Prefix.pch"; sourceTree = "<group>"; };
		05BA81C514AB67AB003E10FB /* CoreServices.framework */ = {isa = PBXFileReference; lastKnownFileType = wrapper.framework; name = CoreServices.framework; path = System/Library/Frameworks/CoreServices.framework; sourceTree = SDKROOT; };
		05BA81D814ABBB39003E10FB /* DemoServer.h */ = {isa = PBXFileReference; fileEncoding = 4; lastKnownFileType = sourcecode.c.h; path = DemoServer.h; sourceTree = "<group>"; };
		05BA81D914ABBB39003E10FB /* DemoServer.m */ = {isa = PBXFileReference; fileEncoding = 4; lastKnownFileType = sourcecode.c.objc; path = DemoServer.m; sourceTree = "<group>"; };
		05BA81DC14ABBB42003E10FB /* DemoClient.h */ = {isa = PBXFileReference; fileEncoding = 4; lastKnownFileType = sourcecode.c.h; path = DemoClient.h; sourceTree = "<group>"; };
		05BA81DD14ABBB42003E10FB /* DemoClient.m */ = {isa = PBXFileReference; fileEncoding = 4; lastKnownFileType = sourcecode.c.objc; path = DemoClient.m; sourceTree = "<group>"; };
		05BA81DF14ABBC57003E10FB /* README.md */ = {isa = PBXFileReference; lastKnownFileType = text; name = README.md; path = ../README.md; sourceTree = "<group>"; };
/* End PBXFileReference section */

/* Begin PBXFrameworksBuildPhase section */
		05BA81A714AB66F7003E10FB /* Frameworks */ = {
			isa = PBXFrameworksBuildPhase;
			buildActionMask = 2147483647;
			files = (
				05BA81C614AB67AB003E10FB /* CoreServices.framework in Frameworks */,
				05BA81AF14AB66F7003E10FB /* Foundation.framework in Frameworks */,
			);
			runOnlyForDeploymentPostprocessing = 0;
		};
/* End PBXFrameworksBuildPhase section */

/* Begin PBXGroup section */
		053C2EFE1B8BDEBA003C9DB8 /* Cerfing */ = {
			isa = PBXGroup;
			children = (
				053C2F041B8BDEBA003C9DB8 /* CerfingConnection.h */,
				053C2F051B8BDEBA003C9DB8 /* CerfingConnection.m */,
				053C2F061B8BDEBA003C9DB8 /* Transports */,
				053C2EFF1B8BDEBA003C9DB8 /* Helpers */,
			);
			name = Cerfing;
			path = ../Cerfing;
			sourceTree = "<group>";
		};
		053C2EFF1B8BDEBA003C9DB8 /* Helpers */ = {
			isa = PBXGroup;
			children = (
				053C2F001B8BDEBA003C9DB8 /* CerfingSimpleClient.h */,
				053C2F011B8BDEBA003C9DB8 /* CerfingSimpleClient.m */,
				053C2F021B8BDEBA003C9DB8 /* CerfingSimpleServer.h */,
				053C2F031B8BDEBA003C9DB8 /* CerfingSimpleServer.m */,
			);
			path = Helpers;
			sourceTree = "<group>";
		};
		053C2F061B8BDEBA003C9DB8 /* Transports */ = {
			isa = PBXGroup;
			children = (
				053C2F071B8BDEBA003C9DB8 /* AsyncSocket */,
				053C2F0C1B8BDEBA003C9DB8 /* CerfingTransport.h */,
				053C2F0D1B8BDEBA003C9DB8 /* CerfingTransport.m */,
			);
			path = Transports;
			sourceTree = "<group>";
		};
		053C2F071B8BDEBA003C9DB8 /* AsyncSocket */ = {
			isa = PBXGroup;
			children = (
				053C2F081B8BDEBA003C9DB8 /* AsyncSocket.h */,
				053C2F091B8BDEBA003C9DB8 /* AsyncSocket.m */,
				053C2F0A1B8BDEBA003C9DB8 /* CerfingAsyncSocketTransport.h */,
				053C2F0B1B8BDEBA003C9DB8 /* CerfingAsyncSocketTransport.m */,
			);
			path = AsyncSocket;
			sourceTree = "<group>";
		};
		05BA819F14AB66F7003E10FB = {
			isa = PBXGroup;
			children = (
				05BA81DF14ABBC57003E10FB /* README.md */,
				05BA81B014AB66F7003E10FB /* Demo */,
				053C2EFE1B8BDEBA003C9DB8 /* Cerfing */,
				05BA81AD14AB66F7003E10FB /* Frameworks */,
				05BA81AB14AB66F7003E10FB /* Products */,
			);
			sourceTree = "<group>";
		};
		05BA81AB14AB66F7003E10FB /* Products */ = {
			isa = PBXGroup;
			children = (
				05BA81AA14AB66F7003E10FB /* CerfingDemo */,
			);
			name = Products;
			sourceTree = "<group>";
		};
		05BA81AD14AB66F7003E10FB /* Frameworks */ = {
			isa = PBXGroup;
			children = (
				05AE47F917F4AA1D00A40A21 /* Security.framework */,
				05BA81C514AB67AB003E10FB /* CoreServices.framework */,
				05BA81AE14AB66F7003E10FB /* Foundation.framework */,
			);
			name = Frameworks;
			sourceTree = "<group>";
		};
		05BA81B014AB66F7003E10FB /* Demo */ = {
			isa = PBXGroup;
			children = (
				05BA81B114AB66F7003E10FB /* main.m */,
				05BA81D814ABBB39003E10FB /* DemoServer.h */,
				05BA81D914ABBB39003E10FB /* DemoServer.m */,
				05BA81DC14ABBB42003E10FB /* DemoClient.h */,
				05BA81DD14ABBB42003E10FB /* DemoClient.m */,
				05BA81B314AB66F7003E10FB /* Supporting Files */,
			);
			name = Demo;
			path = CerfingDemo;
			sourceTree = "<group>";
		};
		05BA81B314AB66F7003E10FB /* Supporting Files */ = {
			isa = PBXGroup;
			children = (
				05BA81B414AB66F7003E10FB /* CerfingDemo-Prefix.pch */,
			);
			name = "Supporting Files";
			sourceTree = "<group>";
		};
/* End PBXGroup section */

/* Begin PBXNativeTarget section */
		05BA81A914AB66F7003E10FB /* CerfingDemo */ = {
			isa = PBXNativeTarget;
			buildConfigurationList = 05BA81B914AB66F7003E10FB /* Build configuration list for PBXNativeTarget "CerfingDemo" */;
			buildPhases = (
				05BA81A614AB66F7003E10FB /* Sources */,
				05BA81A714AB66F7003E10FB /* Frameworks */,
				05BA81A814AB66F7003E10FB /* CopyFiles */,
			);
			buildRules = (
			);
			dependencies = (
			);
			name = CerfingDemo;
			productName = TCAHPDemo;
			productReference = 05BA81AA14AB66F7003E10FB /* CerfingDemo */;
			productType = "com.apple.product-type.tool";
		};
/* End PBXNativeTarget section */

/* Begin PBXProject section */
		05BA81A114AB66F7003E10FB /* Project object */ = {
			isa = PBXProject;
			attributes = {
				LastUpgradeCheck = 0500;
			};
			buildConfigurationList = 05BA81A414AB66F7003E10FB /* Build configuration list for PBXProject "CerfingDemo" */;
			compatibilityVersion = "Xcode 3.2";
			developmentRegion = English;
			hasScannedForEncodings = 0;
			knownRegions = (
				en,
			);
			mainGroup = 05BA819F14AB66F7003E10FB;
			productRefGroup = 05BA81AB14AB66F7003E10FB /* Products */;
			projectDirPath = "";
			projectRoot = "";
			targets = (
				05BA81A914AB66F7003E10FB /* CerfingDemo */,
			);
		};
/* End PBXProject section */

/* Begin PBXSourcesBuildPhase section */
		05BA81A614AB66F7003E10FB /* Sources */ = {
			isa = PBXSourcesBuildPhase;
			buildActionMask = 2147483647;
			files = (
				05BA81B214AB66F7003E10FB /* main.m in Sources */,
				05BA81DA14ABBB39003E10FB /* DemoServer.m in Sources */,
				0547A9871B8C814300E1F32E /* CerfingAsyncSocketTransport.m in Sources */,
				0547A9891B8C814A00E1F32E /* AsyncSocket.m in Sources */,
				0547A9881B8C814500E1F32E /* CerfingTransport.m in Sources */,
				05BA81DE14ABBB42003E10FB /* DemoClient.m in Sources */,
				0547A98A1B8C814D00E1F32E /* CerfingConnection.m in Sources */,
				0547A98B1B8C814F00E1F32E /* CerfingSimpleClient.m in Sources */,
				0547A98C1B8C814F00E1F32E /* CerfingSimpleServer.m in Sources */,
			);
			runOnlyForDeploymentPostprocessing = 0;
		};
/* End PBXSourcesBuildPhase section */

/* Begin XCBuildConfiguration section */
		05BA81B714AB66F7003E10FB /* Debug */ = {
			isa = XCBuildConfiguration;
			buildSettings = {
				ALWAYS_SEARCH_USER_PATHS = NO;
				CLANG_ENABLE_OBJC_ARC = YES;
				CLANG_WARN_BOOL_CONVERSION = YES;
				CLANG_WARN_CONSTANT_CONVERSION = YES;
				CLANG_WARN_EMPTY_BODY = YES;
				CLANG_WARN_ENUM_CONVERSION = YES;
				CLANG_WARN_INT_CONVERSION = YES;
				CLANG_WARN__DUPLICATE_METHOD_MATCH = YES;
				COPY_PHASE_STRIP = NO;
				GCC_C_LANGUAGE_STANDARD = gnu99;
				GCC_DYNAMIC_NO_PIC = NO;
				GCC_ENABLE_OBJC_EXCEPTIONS = YES;
				GCC_OPTIMIZATION_LEVEL = 0;
				GCC_PREPROCESSOR_DEFINITIONS = (
					"DEBUG=1",
					"$(inherited)",
				);
				GCC_SYMBOLS_PRIVATE_EXTERN = NO;
				GCC_VERSION = com.apple.compilers.llvm.clang.1_0;
				GCC_WARN_64_TO_32_BIT_CONVERSION = YES;
				GCC_WARN_ABOUT_MISSING_PROTOTYPES = YES;
				GCC_WARN_ABOUT_RETURN_TYPE = YES;
				GCC_WARN_UNDECLARED_SELECTOR = YES;
				GCC_WARN_UNINITIALIZED_AUTOS = YES;
				GCC_WARN_UNUSED_FUNCTION = YES;
				GCC_WARN_UNUSED_VARIABLE = YES;
				MACOSX_DEPLOYMENT_TARGET = 10.7;
				ONLY_ACTIVE_ARCH = YES;
				SDKROOT = macosx;
			};
			name = Debug;
		};
		05BA81B814AB66F7003E10FB /* Release */ = {
			isa = XCBuildConfiguration;
			buildSettings = {
				ALWAYS_SEARCH_USER_PATHS = NO;
				CLANG_ENABLE_OBJC_ARC = YES;
				CLANG_WARN_BOOL_CONVERSION = YES;
				CLANG_WARN_CONSTANT_CONVERSION = YES;
				CLANG_WARN_EMPTY_BODY = YES;
				CLANG_WARN_ENUM_CONVERSION = YES;
				CLANG_WARN_INT_CONVERSION = YES;
				CLANG_WARN__DUPLICATE_METHOD_MATCH = YES;
				COPY_PHASE_STRIP = YES;
				DEBUG_INFORMATION_FORMAT = "dwarf-with-dsym";
				GCC_C_LANGUAGE_STANDARD = gnu99;
				GCC_ENABLE_OBJC_EXCEPTIONS = YES;
				GCC_VERSION = com.apple.compilers.llvm.clang.1_0;
				GCC_WARN_64_TO_32_BIT_CONVERSION = YES;
				GCC_WARN_ABOUT_MISSING_PROTOTYPES = YES;
				GCC_WARN_ABOUT_RETURN_TYPE = YES;
				GCC_WARN_UNDECLARED_SELECTOR = YES;
				GCC_WARN_UNINITIALIZED_AUTOS = YES;
				GCC_WARN_UNUSED_FUNCTION = YES;
				GCC_WARN_UNUSED_VARIABLE = YES;
				MACOSX_DEPLOYMENT_TARGET = 10.7;
				SDKROOT = macosx;
			};
			name = Release;
		};
		05BA81BA14AB66F7003E10FB /* Debug */ = {
			isa = XCBuildConfiguration;
			buildSettings = {
				GCC_PRECOMPILE_PREFIX_HEADER = YES;
				GCC_PREFIX_HEADER = "CerfingDemo/CerfingDemo-Prefix.pch";
				PRODUCT_NAME = CerfingDemo;
			};
			name = Debug;
		};
		05BA81BB14AB66F7003E10FB /* Release */ = {
			isa = XCBuildConfiguration;
			buildSettings = {
				GCC_PRECOMPILE_PREFIX_HEADER = YES;
				GCC_PREFIX_HEADER = "CerfingDemo/CerfingDemo-Prefix.pch";
				PRODUCT_NAME = CerfingDemo;
			};
			name = Release;
		};
/* End XCBuildConfiguration section */

/* Begin XCConfigurationList section */
		05BA81A414AB66F7003E10FB /* Build configuration list for PBXProject "CerfingDemo" */ = {
			isa = XCConfigurationList;
			buildConfigurations = (
				05BA81B714AB66F7003E10FB /* Debug */,
				05BA81B814AB66F7003E10FB /* Release */,
			);
			defaultConfigurationIsVisible = 0;
			defaultConfigurationName = Release;
		};
		05BA81B914AB66F7003E10FB /* Build configuration list for PBXNativeTarget "CerfingDemo" */ = {
			isa = XCConfigurationList;
			buildConfigurations = (
				05BA81BA14AB66F7003E10FB /* Debug */,
				05BA81BB14AB66F7003E10FB /* Release */,
			);
			defaultConfigurationIsVisible = 0;
			defaultConfigurationName = Release;
		};
/* End XCConfigurationList section */
	};
	rootObject = 05BA81A114AB66F7003E10FB /* Project object */;
}
